
Microsoft Visual Studio Solution File, Format Version 12.00
# Visual Studio Version 17
VisualStudioVersion = 17.4.33213.308
MinimumVisualStudioVersion = 10.0.40219.1
Project("{FAE04EC0-301F-11D3-BF4B-00C04F79EFBC}") = "COMP003A.EmployeeManagementSystem", "COMP003A.EmployeeManagementSystem\COMP003A.EmployeeManagementSystem.csproj", "{6582572B-680B-44BD-BCF7-B68A51B5CD5A}"
EndProject
Project("{2150E333-8FDC-42A3-9474-1A3956D46DE8}") = "Solution Items", "Solution Items", "{41CB2F5C-D0FB-4D06-B66B-75F41598A2CD}"
EndProject
Global
	GlobalSection(SolutionConfigurationPlatforms) = preSolution
		Debug|Any CPU = Debug|Any CPU
		Release|Any CPU = Release|Any CPU
	EndGlobalSection
	GlobalSection(ProjectConfigurationPlatforms) = postSolution
		{6582572B-680B-44BD-BCF7-B68A51B5CD5A}.Debug|Any CPU.ActiveCfg = Debug|Any CPU
		{6582572B-680B-44BD-BCF7-B68A51B5CD5A}.Debug|Any CPU.Build.0 = Debug|Any CPU
		{6582572B-680B-44BD-BCF7-B68A51B5CD5A}.Release|Any CPU.ActiveCfg = Release|Any CPU
		{6582572B-680B-44BD-BCF7-B68A51B5CD5A}.Release|Any CPU.Build.0 = Release|Any CPU
	EndGlobalSection
	GlobalSection(SolutionProperties) = preSolution
		HideSolutionNode = FALSE
	EndGlobalSection
	GlobalSection(ExtensibilityGlobals) = postSolution
		SolutionGuid = {21A0AA03-3289-4A4C-B1F9-526A600951AE}
	EndGlobalSection
EndGlobal
